// !$*UTF8*$!
{
	archiveVersion = 1;
	classes = {
	};
	objectVersion = 50;
	objects = {

/* Begin PBXBuildFile section */
		C33802922711531700F01BB1 /* SecondeViewController.storyboard in Resources */ = {isa = PBXBuildFile; fileRef = C33802912711531700F01BB1 /* SecondeViewController.storyboard */; };
		C33802942711532C00F01BB1 /* SecondeViewController.swift in Sources */ = {isa = PBXBuildFile; fileRef = C33802932711532C00F01BB1 /* SecondeViewController.swift */; };
		C3D604A0271154EC00699021 /* StoryBoardInstiatable.swift in Sources */ = {isa = PBXBuildFile; fileRef = C3D6049D271154EC00699021 /* StoryBoardInstiatable.swift */; };
		C3D604A1271154EC00699021 /* StoryBoardInstantiateType.swift in Sources */ = {isa = PBXBuildFile; fileRef = C3D6049E271154EC00699021 /* StoryBoardInstantiateType.swift */; };
		C3D604A2271154EC00699021 /* ClassNameProtcol.swift in Sources */ = {isa = PBXBuildFile; fileRef = C3D6049F271154EC00699021 /* ClassNameProtcol.swift */; };
		C3EF50BC27113FDB008F7046 /* AppDelegate.swift in Sources */ = {isa = PBXBuildFile; fileRef = C3EF50BB27113FDB008F7046 /* AppDelegate.swift */; };
		C3EF50BE27113FDB008F7046 /* SceneDelegate.swift in Sources */ = {isa = PBXBuildFile; fileRef = C3EF50BD27113FDB008F7046 /* SceneDelegate.swift */; };
		C3EF50C027113FDB008F7046 /* ViewController.swift in Sources */ = {isa = PBXBuildFile; fileRef = C3EF50BF27113FDB008F7046 /* ViewController.swift */; };
		C3EF50C327113FDB008F7046 /* Main.storyboard in Resources */ = {isa = PBXBuildFile; fileRef = C3EF50C127113FDB008F7046 /* Main.storyboard */; };
		C3EF50C627113FDB008F7046 /* iOSCoffeeTime.xcdatamodeld in Sources */ = {isa = PBXBuildFile; fileRef = C3EF50C427113FDB008F7046 /* iOSCoffeeTime.xcdatamodeld */; };
		C3EF50C827113FE0008F7046 /* Assets.xcassets in Resources */ = {isa = PBXBuildFile; fileRef = C3EF50C727113FE0008F7046 /* Assets.xcassets */; };
		C3EF50CB27113FE0008F7046 /* LaunchScreen.storyboard in Resources */ = {isa = PBXBuildFile; fileRef = C3EF50C927113FE0008F7046 /* LaunchScreen.storyboard */; };
/* End PBXBuildFile section */

/* Begin PBXFileReference section */
		C33802912711531700F01BB1 /* SecondeViewController.storyboard */ = {isa = PBXFileReference; lastKnownFileType = file.storyboard; path = SecondeViewController.storyboard; sourceTree = "<group>"; };
		C33802932711532C00F01BB1 /* SecondeViewController.swift */ = {isa = PBXFileReference; lastKnownFileType = sourcecode.swift; path = SecondeViewController.swift; sourceTree = "<group>"; };
		C3D6049D271154EC00699021 /* StoryBoardInstiatable.swift */ = {isa = PBXFileReference; fileEncoding = 4; lastKnownFileType = sourcecode.swift; path = StoryBoardInstiatable.swift; sourceTree = "<group>"; };
		C3D6049E271154EC00699021 /* StoryBoardInstantiateType.swift */ = {isa = PBXFileReference; fileEncoding = 4; lastKnownFileType = sourcecode.swift; path = StoryBoardInstantiateType.swift; sourceTree = "<group>"; };
		C3D6049F271154EC00699021 /* ClassNameProtcol.swift */ = {isa = PBXFileReference; fileEncoding = 4; lastKnownFileType = sourcecode.swift; path = ClassNameProtcol.swift; sourceTree = "<group>"; };
		C3EF50B827113FDB008F7046 /* iOSCoffeeTime.app */ = {isa = PBXFileReference; explicitFileType = wrapper.application; includeInIndex = 0; path = iOSCoffeeTime.app; sourceTree = BUILT_PRODUCTS_DIR; };
		C3EF50BB27113FDB008F7046 /* AppDelegate.swift */ = {isa = PBXFileReference; lastKnownFileType = sourcecode.swift; path = AppDelegate.swift; sourceTree = "<group>"; };
		C3EF50BD27113FDB008F7046 /* SceneDelegate.swift */ = {isa = PBXFileReference; lastKnownFileType = sourcecode.swift; path = SceneDelegate.swift; sourceTree = "<group>"; };
		C3EF50BF27113FDB008F7046 /* ViewController.swift */ = {isa = PBXFileReference; lastKnownFileType = sourcecode.swift; path = ViewController.swift; sourceTree = "<group>"; };
		C3EF50C227113FDB008F7046 /* Base */ = {isa = PBXFileReference; lastKnownFileType = file.storyboard; name = Base; path = Base.lproj/Main.storyboard; sourceTree = "<group>"; };
		C3EF50C527113FDB008F7046 /* iOSCoffeeTime.xcdatamodel */ = {isa = PBXFileReference; lastKnownFileType = wrapper.xcdatamodel; path = iOSCoffeeTime.xcdatamodel; sourceTree = "<group>"; };
		C3EF50C727113FE0008F7046 /* Assets.xcassets */ = {isa = PBXFileReference; lastKnownFileType = folder.assetcatalog; path = Assets.xcassets; sourceTree = "<group>"; };
		C3EF50CA27113FE0008F7046 /* Base */ = {isa = PBXFileReference; lastKnownFileType = file.storyboard; name = Base; path = Base.lproj/LaunchScreen.storyboard; sourceTree = "<group>"; };
		C3EF50CC27113FE0008F7046 /* Info.plist */ = {isa = PBXFileReference; lastKnownFileType = text.plist.xml; path = Info.plist; sourceTree = "<group>"; };
/* End PBXFileReference section */

/* Begin PBXFrameworksBuildPhase section */
		C3EF50B527113FDB008F7046 /* Frameworks */ = {
			isa = PBXFrameworksBuildPhase;
			buildActionMask = 2147483647;
			files = (
			);
			runOnlyForDeploymentPostprocessing = 0;
		};
/* End PBXFrameworksBuildPhase section */

/* Begin PBXGroup section */
		C3D6049C271154EC00699021 /* Utill */ = {
			isa = PBXGroup;
			children = (
				C3D6049D271154EC00699021 /* StoryBoardInstiatable.swift */,
				C3D6049E271154EC00699021 /* StoryBoardInstantiateType.swift */,
				C3D6049F271154EC00699021 /* ClassNameProtcol.swift */,
			);
			path = Utill;
			sourceTree = "<group>";
		};
		C3EF50AF27113FDB008F7046 = {
			isa = PBXGroup;
			children = (
				C3EF50BA27113FDB008F7046 /* iOSCoffeeTime */,
				C3EF50B927113FDB008F7046 /* Products */,
			);
			sourceTree = "<group>";
		};
		C3EF50B927113FDB008F7046 /* Products */ = {
			isa = PBXGroup;
			children = (
				C3EF50B827113FDB008F7046 /* iOSCoffeeTime.app */,
			);
			name = Products;
			sourceTree = "<group>";
		};
		C3EF50BA27113FDB008F7046 /* iOSCoffeeTime */ = {
			isa = PBXGroup;
			children = (
				C3EF50BB27113FDB008F7046 /* AppDelegate.swift */,
				C3D6049C271154EC00699021 /* Utill */,
				C3EF50BD27113FDB008F7046 /* SceneDelegate.swift */,
				C3EF50BF27113FDB008F7046 /* ViewController.swift */,
				C3EF50C127113FDB008F7046 /* Main.storyboard */,
				C3EF50C727113FE0008F7046 /* Assets.xcassets */,
				C3EF50C927113FE0008F7046 /* LaunchScreen.storyboard */,
				C3EF50CC27113FE0008F7046 /* Info.plist */,
				C3EF50C427113FDB008F7046 /* iOSCoffeeTime.xcdatamodeld */,
				C33802912711531700F01BB1 /* SecondeViewController.storyboard */,
				C33802932711532C00F01BB1 /* SecondeViewController.swift */,
			);
			path = iOSCoffeeTime;
			sourceTree = "<group>";
		};
/* End PBXGroup section */

/* Begin PBXNativeTarget section */
		C3EF50B727113FDB008F7046 /* iOSCoffeeTime */ = {
			isa = PBXNativeTarget;
			buildConfigurationList = C3EF50CF27113FE0008F7046 /* Build configuration list for PBXNativeTarget "iOSCoffeeTime" */;
			buildPhases = (
				C3EF50B427113FDB008F7046 /* Sources */,
				C3EF50B527113FDB008F7046 /* Frameworks */,
				C3EF50B627113FDB008F7046 /* Resources */,
			);
			buildRules = (
			);
			dependencies = (
			);
			name = iOSCoffeeTime;
			productName = iOSCoffeeTime;
			productReference = C3EF50B827113FDB008F7046 /* iOSCoffeeTime.app */;
			productType = "com.apple.product-type.application";
		};
/* End PBXNativeTarget section */

/* Begin PBXProject section */
		C3EF50B027113FDB008F7046 /* Project object */ = {
			isa = PBXProject;
			attributes = {
				LastSwiftUpdateCheck = 1250;
				LastUpgradeCheck = 1250;
				TargetAttributes = {
					C3EF50B727113FDB008F7046 = {
						CreatedOnToolsVersion = 12.5.1;
					};
				};
			};
			buildConfigurationList = C3EF50B327113FDB008F7046 /* Build configuration list for PBXProject "iOSCoffeeTime" */;
			compatibilityVersion = "Xcode 9.3";
			developmentRegion = en;
			hasScannedForEncodings = 0;
			knownRegions = (
				en,
				Base,
			);
			mainGroup = C3EF50AF27113FDB008F7046;
			productRefGroup = C3EF50B927113FDB008F7046 /* Products */;
			projectDirPath = "";
			projectRoot = "";
			targets = (
				C3EF50B727113FDB008F7046 /* iOSCoffeeTime */,
			);
		};
/* End PBXProject section */

/* Begin PBXResourcesBuildPhase section */
		C3EF50B627113FDB008F7046 /* Resources */ = {
			isa = PBXResourcesBuildPhase;
			buildActionMask = 2147483647;
			files = (
				C3EF50CB27113FE0008F7046 /* LaunchScreen.storyboard in Resources */,
				C3EF50C827113FE0008F7046 /* Assets.xcassets in Resources */,
				C33802922711531700F01BB1 /* SecondeViewController.storyboard in Resources */,
				C3EF50C327113FDB008F7046 /* Main.storyboard in Resources */,
			);
			runOnlyForDeploymentPostprocessing = 0;
		};
/* End PBXResourcesBuildPhase section */

/* Begin PBXSourcesBuildPhase section */
		C3EF50B427113FDB008F7046 /* Sources */ = {
			isa = PBXSourcesBuildPhase;
			buildActionMask = 2147483647;
			files = (
				C3EF50C627113FDB008F7046 /* iOSCoffeeTime.xcdatamodeld in Sources */,
				C3EF50C027113FDB008F7046 /* ViewController.swift in Sources */,
				C33802942711532C00F01BB1 /* SecondeViewController.swift in Sources */,
				C3D604A2271154EC00699021 /* ClassNameProtcol.swift in Sources */,
				C3D604A0271154EC00699021 /* StoryBoardInstiatable.swift in Sources */,
				C3EF50BC27113FDB008F7046 /* AppDelegate.swift in Sources */,
				C3EF50BE27113FDB008F7046 /* SceneDelegate.swift in Sources */,
				C3D604A1271154EC00699021 /* StoryBoardInstantiateType.swift in Sources */,
			);
			runOnlyForDeploymentPostprocessing = 0;
		};
/* End PBXSourcesBuildPhase section */

/* Begin PBXVariantGroup section */
		C3EF50C127113FDB008F7046 /* Main.storyboard */ = {
			isa = PBXVariantGroup;
			children = (
				C3EF50C227113FDB008F7046 /* Base */,
			);
			name = Main.storyboard;
			sourceTree = "<group>";
		};
		C3EF50C927113FE0008F7046 /* LaunchScreen.storyboard */ = {
			isa = PBXVariantGroup;
			children = (
				C3EF50CA27113FE0008F7046 /* Base */,
			);
			name = LaunchScreen.storyboard;
			sourceTree = "<group>";
		};
/* End PBXVariantGroup section */

/* Begin XCBuildConfiguration section */
		C3EF50CD27113FE0008F7046 /* Debug */ = {
			isa = XCBuildConfiguration;
			buildSettings = {
				ALWAYS_SEARCH_USER_PATHS = NO;
				CLANG_ANALYZER_NONNULL = YES;
				CLANG_ANALYZER_NUMBER_OBJECT_CONVERSION = YES_AGGRESSIVE;
				CLANG_CXX_LANGUAGE_STANDARD = "gnu++14";
				CLANG_CXX_LIBRARY = "libc++";
				CLANG_ENABLE_MODULES = YES;
				CLANG_ENABLE_OBJC_ARC = YES;
				CLANG_ENABLE_OBJC_WEAK = YES;
				CLANG_WARN_BLOCK_CAPTURE_AUTORELEASING = YES;
				CLANG_WARN_BOOL_CONVERSION = YES;
				CLANG_WARN_COMMA = YES;
				CLANG_WARN_CONSTANT_CONVERSION = YES;
				CLANG_WARN_DEPRECATED_OBJC_IMPLEMENTATIONS = YES;
				CLANG_WARN_DIRECT_OBJC_ISA_USAGE = YES_ERROR;
				CLANG_WARN_DOCUMENTATION_COMMENTS = YES;
				CLANG_WARN_EMPTY_BODY = YES;
				CLANG_WARN_ENUM_CONVERSION = YES;
				CLANG_WARN_INFINITE_RECURSION = YES;
				CLANG_WARN_INT_CONVERSION = YES;
				CLANG_WARN_NON_LITERAL_NULL_CONVERSION = YES;
				CLANG_WARN_OBJC_IMPLICIT_RETAIN_SELF = YES;
				CLANG_WARN_OBJC_LITERAL_CONVERSION = YES;
				CLANG_WARN_OBJC_ROOT_CLASS = YES_ERROR;
				CLANG_WARN_QUOTED_INCLUDE_IN_FRAMEWORK_HEADER = YES;
				CLANG_WARN_RANGE_LOOP_ANALYSIS = YES;
				CLANG_WARN_STRICT_PROTOTYPES = YES;
				CLANG_WARN_SUSPICIOUS_MOVE = YES;
				CLANG_WARN_UNGUARDED_AVAILABILITY = YES_AGGRESSIVE;
				CLANG_WARN_UNREACHABLE_CODE = YES;
				CLANG_WARN__DUPLICATE_METHOD_MATCH = YES;
				COPY_PHASE_STRIP = NO;
				DEBUG_INFORMATION_FORMAT = dwarf;
				ENABLE_STRICT_OBJC_MSGSEND = YES;
				ENABLE_TESTABILITY = YES;
				GCC_C_LANGUAGE_STANDARD = gnu11;
				GCC_DYNAMIC_NO_PIC = NO;
				GCC_NO_COMMON_BLOCKS = YES;
				GCC_OPTIMIZATION_LEVEL = 0;
				GCC_PREPROCESSOR_DEFINITIONS = (
					"DEBUG=1",
					"$(inherited)",
				);
				GCC_WARN_64_TO_32_BIT_CONVERSION = YES;
				GCC_WARN_ABOUT_RETURN_TYPE = YES_ERROR;
				GCC_WARN_UNDECLARED_SELECTOR = YES;
				GCC_WARN_UNINITIALIZED_AUTOS = YES_AGGRESSIVE;
				GCC_WARN_UNUSED_FUNCTION = YES;
				GCC_WARN_UNUSED_VARIABLE = YES;
				IPHONEOS_DEPLOYMENT_TARGET = 14.5;
				MTL_ENABLE_DEBUG_INFO = INCLUDE_SOURCE;
				MTL_FAST_MATH = YES;
				ONLY_ACTIVE_ARCH = YES;
				SDKROOT = iphoneos;
				SWIFT_ACTIVE_COMPILATION_CONDITIONS = DEBUG;
				SWIFT_OPTIMIZATION_LEVEL = "-Onone";
			};
			name = Debug;
		};
		C3EF50CE27113FE0008F7046 /* Release */ = {
			isa = XCBuildConfiguration;
			buildSettings = {
				ALWAYS_SEARCH_USER_PATHS = NO;
				CLANG_ANALYZER_NONNULL = YES;
				CLANG_ANALYZER_NUMBER_OBJECT_CONVERSION = YES_AGGRESSIVE;
				CLANG_CXX_LANGUAGE_STANDARD = "gnu++14";
				CLANG_CXX_LIBRARY = "libc++";
				CLANG_ENABLE_MODULES = YES;
				CLANG_ENABLE_OBJC_ARC = YES;
				CLANG_ENABLE_OBJC_WEAK = YES;
				CLANG_WARN_BLOCK_CAPTURE_AUTORELEASING = YES;
				CLANG_WARN_BOOL_CONVERSION = YES;
				CLANG_WARN_COMMA = YES;
				CLANG_WARN_CONSTANT_CONVERSION = YES;
				CLANG_WARN_DEPRECATED_OBJC_IMPLEMENTATIONS = YES;
				CLANG_WARN_DIRECT_OBJC_ISA_USAGE = YES_ERROR;
				CLANG_WARN_DOCUMENTATION_COMMENTS = YES;
				CLANG_WARN_EMPTY_BODY = YES;
				CLANG_WARN_ENUM_CONVERSION = YES;
				CLANG_WARN_INFINITE_RECURSION = YES;
				CLANG_WARN_INT_CONVERSION = YES;
				CLANG_WARN_NON_LITERAL_NULL_CONVERSION = YES;
				CLANG_WARN_OBJC_IMPLICIT_RETAIN_SELF = YES;
				CLANG_WARN_OBJC_LITERAL_CONVERSION = YES;
				CLANG_WARN_OBJC_ROOT_CLASS = YES_ERROR;
				CLANG_WARN_QUOTED_INCLUDE_IN_FRAMEWORK_HEADER = YES;
				CLANG_WARN_RANGE_LOOP_ANALYSIS = YES;
				CLANG_WARN_STRICT_PROTOTYPES = YES;
				CLANG_WARN_SUSPICIOUS_MOVE = YES;
				CLANG_WARN_UNGUARDED_AVAILABILITY = YES_AGGRESSIVE;
				CLANG_WARN_UNREACHABLE_CODE = YES;
				CLANG_WARN__DUPLICATE_METHOD_MATCH = YES;
				COPY_PHASE_STRIP = NO;
				DEBUG_INFORMATION_FORMAT = "dwarf-with-dsym";
				ENABLE_NS_ASSERTIONS = NO;
				ENABLE_STRICT_OBJC_MSGSEND = YES;
				GCC_C_LANGUAGE_STANDARD = gnu11;
				GCC_NO_COMMON_BLOCKS = YES;
				GCC_WARN_64_TO_32_BIT_CONVERSION = YES;
				GCC_WARN_ABOUT_RETURN_TYPE = YES_ERROR;
				GCC_WARN_UNDECLARED_SELECTOR = YES;
				GCC_WARN_UNINITIALIZED_AUTOS = YES_AGGRESSIVE;
				GCC_WARN_UNUSED_FUNCTION = YES;
				GCC_WARN_UNUSED_VARIABLE = YES;
				IPHONEOS_DEPLOYMENT_TARGET = 14.5;
				MTL_ENABLE_DEBUG_INFO = NO;
				MTL_FAST_MATH = YES;
				SDKROOT = iphoneos;
				SWIFT_COMPILATION_MODE = wholemodule;
				SWIFT_OPTIMIZATION_LEVEL = "-O";
				VALIDATE_PRODUCT = YES;
			};
			name = Release;
		};
		C3EF50D027113FE0008F7046 /* Debug */ = {
			isa = XCBuildConfiguration;
			buildSettings = {
				ASSETCATALOG_COMPILER_APPICON_NAME = AppIcon;
				ASSETCATALOG_COMPILER_GLOBAL_ACCENT_COLOR_NAME = AccentColor;
				CODE_SIGN_STYLE = Automatic;
				DEVELOPMENT_TEAM = C7P7G3F4GM;
				INFOPLIST_FILE = iOSCoffeeTime/Info.plist;
				LD_RUNPATH_SEARCH_PATHS = (
					"$(inherited)",
					"@executable_path/Frameworks",
				);
				PRODUCT_BUNDLE_IDENTIFIER = quinti.iOSCoffeeTime;
				PRODUCT_NAME = "$(TARGET_NAME)";
				SWIFT_VERSION = 5.0;
				TARGETED_DEVICE_FAMILY = "1,2";
			};
			name = Debug;
		};
		C3EF50D127113FE0008F7046 /* Release */ = {
			isa = XCBuildConfiguration;
			buildSettings = {
				ASSETCATALOG_COMPILER_APPICON_NAME = AppIcon;
				ASSETCATALOG_COMPILER_GLOBAL_ACCENT_COLOR_NAME = AccentColor;
				CODE_SIGN_STYLE = Automatic;
				DEVELOPMENT_TEAM = C7P7G3F4GM;
				INFOPLIST_FILE = iOSCoffeeTime/Info.plist;
				LD_RUNPATH_SEARCH_PATHS = (
					"$(inherited)",
					"@executable_path/Frameworks",
				);
				PRODUCT_BUNDLE_IDENTIFIER = quinti.iOSCoffeeTime;
				PRODUCT_NAME = "$(TARGET_NAME)";
				SWIFT_VERSION = 5.0;
				TARGETED_DEVICE_FAMILY = "1,2";
			};
			name = Release;
		};
/* End XCBuildConfiguration section */

/* Begin XCConfigurationList section */
		C3EF50B327113FDB008F7046 /* Build configuration list for PBXProject "iOSCoffeeTime" */ = {
			isa = XCConfigurationList;
			buildConfigurations = (
				C3EF50CD27113FE0008F7046 /* Debug */,
				C3EF50CE27113FE0008F7046 /* Release */,
			);
			defaultConfigurationIsVisible = 0;
			defaultConfigurationName = Release;
		};
		C3EF50CF27113FE0008F7046 /* Build configuration list for PBXNativeTarget "iOSCoffeeTime" */ = {
			isa = XCConfigurationList;
			buildConfigurations = (
				C3EF50D027113FE0008F7046 /* Debug */,
				C3EF50D127113FE0008F7046 /* Release */,
			);
			defaultConfigurationIsVisible = 0;
			defaultConfigurationName = Release;
		};
/* End XCConfigurationList section */

/* Begin XCVersionGroup section */
		C3EF50C427113FDB008F7046 /* iOSCoffeeTime.xcdatamodeld */ = {
			isa = XCVersionGroup;
			children = (
				C3EF50C527113FDB008F7046 /* iOSCoffeeTime.xcdatamodel */,
			);
			currentVersion = C3EF50C527113FDB008F7046 /* iOSCoffeeTime.xcdatamodel */;
			path = iOSCoffeeTime.xcdatamodeld;
			sourceTree = "<group>";
			versionGroupType = wrapper.xcdatamodel;
		};
/* End XCVersionGroup section */
	};
	rootObject = C3EF50B027113FDB008F7046 /* Project object */;
}
